
Microsoft Visual Studio Solution File, Format Version 12.00
# Visual Studio 15
VisualStudioVersion = 15.0.28010.2026
MinimumVisualStudioVersion = 10.0.40219.1
Project("{00D1A9C2-B5F0-4AF3-8072-F6C62B433612}") = "mojn-sv-database", "mojn-sv-database\mojn-sv-database.sqlproj", "{C8C5F8B2-08C1-4DB7-98CC-82F56F4382A8}"
EndProject
Project("{00D1A9C2-B5F0-4AF3-8072-F6C62B433612}") = "mojn-shared-tables", "..\mojn-shared-tables\mojn-shared-tables\mojn-shared-tables.sqlproj", "{1C07A033-9D7B-4691-B72D-8402095F5EE2}"
EndProject
Global
	GlobalSection(SolutionConfigurationPlatforms) = preSolution
		Debug|Any CPU = Debug|Any CPU
		Release|Any CPU = Release|Any CPU
	EndGlobalSection
	GlobalSection(ProjectConfigurationPlatforms) = postSolution
		{C8C5F8B2-08C1-4DB7-98CC-82F56F4382A8}.Debug|Any CPU.ActiveCfg = Debug|Any CPU
		{C8C5F8B2-08C1-4DB7-98CC-82F56F4382A8}.Debug|Any CPU.Build.0 = Debug|Any CPU
		{C8C5F8B2-08C1-4DB7-98CC-82F56F4382A8}.Debug|Any CPU.Deploy.0 = Debug|Any CPU
		{C8C5F8B2-08C1-4DB7-98CC-82F56F4382A8}.Release|Any CPU.ActiveCfg = Release|Any CPU
		{C8C5F8B2-08C1-4DB7-98CC-82F56F4382A8}.Release|Any CPU.Build.0 = Release|Any CPU
		{C8C5F8B2-08C1-4DB7-98CC-82F56F4382A8}.Release|Any CPU.Deploy.0 = Release|Any CPU
		{1C07A033-9D7B-4691-B72D-8402095F5EE2}.Debug|Any CPU.ActiveCfg = Debug|Any CPU
		{1C07A033-9D7B-4691-B72D-8402095F5EE2}.Debug|Any CPU.Build.0 = Debug|Any CPU
		{1C07A033-9D7B-4691-B72D-8402095F5EE2}.Debug|Any CPU.Deploy.0 = Debug|Any CPU
		{1C07A033-9D7B-4691-B72D-8402095F5EE2}.Release|Any CPU.ActiveCfg = Release|Any CPU
		{1C07A033-9D7B-4691-B72D-8402095F5EE2}.Release|Any CPU.Build.0 = Release|Any CPU
		{1C07A033-9D7B-4691-B72D-8402095F5EE2}.Release|Any CPU.Deploy.0 = Release|Any CPU
	EndGlobalSection
	GlobalSection(SolutionProperties) = preSolution
		HideSolutionNode = FALSE
	EndGlobalSection
	GlobalSection(ExtensibilityGlobals) = postSolution
		SolutionGuid = {D4B9DFDB-FC88-4FA0-B2C5-5F7C172587B5}
	EndGlobalSection
EndGlobal
